
Microsoft Visual Studio Solution File, Format Version 12.00
# Visual Studio Version 17
VisualStudioVersion = 17.7.34202.233
MinimumVisualStudioVersion = 10.0.40219.1
Project("{FAE04EC0-301F-11D3-BF4B-00C04F79EFBC}") = "CollectionAssignment", "CollectionAssignment\CollectionAssignment.csproj", "{4D7A91D9-7FC5-4C02-8282-26EACA7CAE4B}"
	ProjectSection(ProjectDependencies) = postProject
		{F3903F7E-12AF-4B55-B663-1C4F6665279E} = {F3903F7E-12AF-4B55-B663-1C4F6665279E}
	EndProjectSection
EndProject
Project("{FAE04EC0-301F-11D3-BF4B-00C04F79EFBC}") = "ClassLibrary", "ClassLibrary\ClassLibrary.csproj", "{F3903F7E-12AF-4B55-B663-1C4F6665279E}"
EndProject
Global
	GlobalSection(SolutionConfigurationPlatforms) = preSolution
		Debug|Any CPU = Debug|Any CPU
		Release|Any CPU = Release|Any CPU
	EndGlobalSection
	GlobalSection(ProjectConfigurationPlatforms) = postSolution
		{4D7A91D9-7FC5-4C02-8282-26EACA7CAE4B}.Debug|Any CPU.ActiveCfg = Debug|Any CPU
		{4D7A91D9-7FC5-4C02-8282-26EACA7CAE4B}.Debug|Any CPU.Build.0 = Debug|Any CPU
		{4D7A91D9-7FC5-4C02-8282-26EACA7CAE4B}.Release|Any CPU.ActiveCfg = Release|Any CPU
		{4D7A91D9-7FC5-4C02-8282-26EACA7CAE4B}.Release|Any CPU.Build.0 = Release|Any CPU
		{F3903F7E-12AF-4B55-B663-1C4F6665279E}.Debug|Any CPU.ActiveCfg = Debug|Any CPU
		{F3903F7E-12AF-4B55-B663-1C4F6665279E}.Debug|Any CPU.Build.0 = Debug|Any CPU
		{F3903F7E-12AF-4B55-B663-1C4F6665279E}.Release|Any CPU.ActiveCfg = Release|Any CPU
		{F3903F7E-12AF-4B55-B663-1C4F6665279E}.Release|Any CPU.Build.0 = Release|Any CPU
	EndGlobalSection
	GlobalSection(SolutionProperties) = preSolution
		HideSolutionNode = FALSE
	EndGlobalSection
	GlobalSection(ExtensibilityGlobals) = postSolution
		SolutionGuid = {9A028076-FE9D-4461-80C7-1600A4AF092E}
	EndGlobalSection
EndGlobal
