
Microsoft Visual Studio Solution File, Format Version 12.00
# Visual Studio Version 17
VisualStudioVersion = 17.7.34202.233
MinimumVisualStudioVersion = 10.0.40219.1
Project("{FAE04EC0-301F-11D3-BF4B-00C04F79EFBC}") = "ExceptionHandlingAssignment", "ExceptionHandlingAssignment\ExceptionHandlingAssignment.csproj", "{0239C723-C682-4645-AEEA-542120016A3D}"
	ProjectSection(ProjectDependencies) = postProject
		{0A57F280-8607-4DF3-AA47-B80BF32DA595} = {0A57F280-8607-4DF3-AA47-B80BF32DA595}
	EndProjectSection
EndProject
Project("{FAE04EC0-301F-11D3-BF4B-00C04F79EFBC}") = "UserExceptionBusinessLogic", "UserExceptionBusinessLogic\UserExceptionBusinessLogic.csproj", "{0A57F280-8607-4DF3-AA47-B80BF32DA595}"
EndProject
Global
	GlobalSection(SolutionConfigurationPlatforms) = preSolution
		Debug|Any CPU = Debug|Any CPU
		Release|Any CPU = Release|Any CPU
	EndGlobalSection
	GlobalSection(ProjectConfigurationPlatforms) = postSolution
		{0239C723-C682-4645-AEEA-542120016A3D}.Debug|Any CPU.ActiveCfg = Debug|Any CPU
		{0239C723-C682-4645-AEEA-542120016A3D}.Debug|Any CPU.Build.0 = Debug|Any CPU
		{0239C723-C682-4645-AEEA-542120016A3D}.Release|Any CPU.ActiveCfg = Release|Any CPU
		{0239C723-C682-4645-AEEA-542120016A3D}.Release|Any CPU.Build.0 = Release|Any CPU
		{0A57F280-8607-4DF3-AA47-B80BF32DA595}.Debug|Any CPU.ActiveCfg = Debug|Any CPU
		{0A57F280-8607-4DF3-AA47-B80BF32DA595}.Debug|Any CPU.Build.0 = Debug|Any CPU
		{0A57F280-8607-4DF3-AA47-B80BF32DA595}.Release|Any CPU.ActiveCfg = Release|Any CPU
		{0A57F280-8607-4DF3-AA47-B80BF32DA595}.Release|Any CPU.Build.0 = Release|Any CPU
	EndGlobalSection
	GlobalSection(SolutionProperties) = preSolution
		HideSolutionNode = FALSE
	EndGlobalSection
	GlobalSection(ExtensibilityGlobals) = postSolution
		SolutionGuid = {E58AFD36-EF15-4DBD-91CE-F2596F155E15}
	EndGlobalSection
EndGlobal
