
Microsoft Visual Studio Solution File, Format Version 12.00
# Visual Studio Version 17
VisualStudioVersion = 17.7.34202.233
MinimumVisualStudioVersion = 10.0.40219.1
Project("{FAE04EC0-301F-11D3-BF4B-00C04F79EFBC}") = "Phase1Section4.31", "Phase1Section4.31\Phase1Section4.31.csproj", "{24598B6A-9A61-498B-B9A9-1AA73D53F409}"
EndProject
Global
	GlobalSection(SolutionConfigurationPlatforms) = preSolution
		Debug|Any CPU = Debug|Any CPU
		Release|Any CPU = Release|Any CPU
	EndGlobalSection
	GlobalSection(ProjectConfigurationPlatforms) = postSolution
		{24598B6A-9A61-498B-B9A9-1AA73D53F409}.Debug|Any CPU.ActiveCfg = Debug|Any CPU
		{24598B6A-9A61-498B-B9A9-1AA73D53F409}.Debug|Any CPU.Build.0 = Debug|Any CPU
		{24598B6A-9A61-498B-B9A9-1AA73D53F409}.Release|Any CPU.ActiveCfg = Release|Any CPU
		{24598B6A-9A61-498B-B9A9-1AA73D53F409}.Release|Any CPU.Build.0 = Release|Any CPU
	EndGlobalSection
	GlobalSection(SolutionProperties) = preSolution
		HideSolutionNode = FALSE
	EndGlobalSection
	GlobalSection(ExtensibilityGlobals) = postSolution
		SolutionGuid = {FC0B40A9-26F4-468A-B82B-3E8FB8F4C160}
	EndGlobalSection
EndGlobal
