
Microsoft Visual Studio Solution File, Format Version 12.00
# Visual Studio Version 17
VisualStudioVersion = 17.7.34202.233
MinimumVisualStudioVersion = 10.0.40219.1
Project("{FAE04EC0-301F-11D3-BF4B-00C04F79EFBC}") = "Phase1Section5.10", "Phase1Section5.10\Phase1Section5.10.csproj", "{5EE4907C-3F0E-448C-9931-54AD432A51AF}"
EndProject
Global
	GlobalSection(SolutionConfigurationPlatforms) = preSolution
		Debug|Any CPU = Debug|Any CPU
		Release|Any CPU = Release|Any CPU
	EndGlobalSection
	GlobalSection(ProjectConfigurationPlatforms) = postSolution
		{5EE4907C-3F0E-448C-9931-54AD432A51AF}.Debug|Any CPU.ActiveCfg = Debug|Any CPU
		{5EE4907C-3F0E-448C-9931-54AD432A51AF}.Debug|Any CPU.Build.0 = Debug|Any CPU
		{5EE4907C-3F0E-448C-9931-54AD432A51AF}.Release|Any CPU.ActiveCfg = Release|Any CPU
		{5EE4907C-3F0E-448C-9931-54AD432A51AF}.Release|Any CPU.Build.0 = Release|Any CPU
	EndGlobalSection
	GlobalSection(SolutionProperties) = preSolution
		HideSolutionNode = FALSE
	EndGlobalSection
	GlobalSection(ExtensibilityGlobals) = postSolution
		SolutionGuid = {5A04054A-8029-4626-9071-87B91C7F945E}
	EndGlobalSection
EndGlobal
